// !$*UTF8*$!
{
	archiveVersion = 1;
	classes = {
	};
	objectVersion = 46;
	objects = {

/* Begin PBXBuildFile section */
		C955C5611E52CAB2003AB844 /* PhotoPickConfig.swift in Sources */ = {isa = PBXBuildFile; fileRef = C955C5601E52CAB2003AB844 /* PhotoPickConfig.swift */; };
		C958FDFD1E4DDE4B00C5684A /* AppDelegate.swift in Sources */ = {isa = PBXBuildFile; fileRef = C958FDFC1E4DDE4B00C5684A /* AppDelegate.swift */; };
		C958FDFF1E4DDE4B00C5684A /* ViewController.swift in Sources */ = {isa = PBXBuildFile; fileRef = C958FDFE1E4DDE4B00C5684A /* ViewController.swift */; };
		C958FE021E4DDE4B00C5684A /* Main.storyboard in Resources */ = {isa = PBXBuildFile; fileRef = C958FE001E4DDE4B00C5684A /* Main.storyboard */; };
		C958FE041E4DDE4B00C5684A /* Assets.xcassets in Resources */ = {isa = PBXBuildFile; fileRef = C958FE031E4DDE4B00C5684A /* Assets.xcassets */; };
		C958FE071E4DDE4B00C5684A /* LaunchScreen.storyboard in Resources */ = {isa = PBXBuildFile; fileRef = C958FE051E4DDE4B00C5684A /* LaunchScreen.storyboard */; };
		C958FE351E4DDEF200C5684A /* PhotoModel.swift in Sources */ = {isa = PBXBuildFile; fileRef = C958FE2B1E4DDEF200C5684A /* PhotoModel.swift */; };
		C958FE361E4DDEF200C5684A /* AssetTool.swift in Sources */ = {isa = PBXBuildFile; fileRef = C958FE2C1E4DDEF200C5684A /* AssetTool.swift */; };
		C958FE371E4DDEF200C5684A /* BigPhotoCell.swift in Sources */ = {isa = PBXBuildFile; fileRef = C958FE2D1E4DDEF200C5684A /* BigPhotoCell.swift */; };
		C958FE381E4DDEF200C5684A /* CameraCell.swift in Sources */ = {isa = PBXBuildFile; fileRef = C958FE2E1E4DDEF200C5684A /* CameraCell.swift */; };
		C958FE391E4DDEF200C5684A /* CircleButton.swift in Sources */ = {isa = PBXBuildFile; fileRef = C958FE2F1E4DDEF200C5684A /* CircleButton.swift */; };
		C958FE3A1E4DDEF200C5684A /* CircleLabel.swift in Sources */ = {isa = PBXBuildFile; fileRef = C958FE301E4DDEF200C5684A /* CircleLabel.swift */; };
		C958FE3B1E4DDEF200C5684A /* PhotoCell.swift in Sources */ = {isa = PBXBuildFile; fileRef = C958FE311E4DDEF200C5684A /* PhotoCell.swift */; };
		C958FE3C1E4DDEF200C5684A /* PhotoPickGroupVC.swift in Sources */ = {isa = PBXBuildFile; fileRef = C958FE321E4DDEF200C5684A /* PhotoPickGroupVC.swift */; };
		C958FE3D1E4DDEF200C5684A /* PhotoPickVC.swift in Sources */ = {isa = PBXBuildFile; fileRef = C958FE331E4DDEF200C5684A /* PhotoPickVC.swift */; };
		C958FE3E1E4DDEF200C5684A /* PhotoShowVC.swift in Sources */ = {isa = PBXBuildFile; fileRef = C958FE341E4DDEF200C5684A /* PhotoShowVC.swift */; };
		C971D3F31E52DC76006D721E /* PhotoGroup.swift in Sources */ = {isa = PBXBuildFile; fileRef = C971D3F21E52DC76006D721E /* PhotoGroup.swift */; };
		C978F1891E519C5E00C1F740 /* AssetImage.swift in Sources */ = {isa = PBXBuildFile; fileRef = C978F1881E519C5E00C1F740 /* AssetImage.swift */; };
		FC3900114A8C5D9B992ED8C5 /* libPods-GKitPhotoPick.a in Frameworks */ = {isa = PBXBuildFile; fileRef = 6817F0E679243193DE7557F7 /* libPods-GKitPhotoPick.a */; };
/* End PBXBuildFile section */

/* Begin PBXFileReference section */
		19B5F106A7B14A7742C32959 /* Pods-GKitPhotoPick.release.xcconfig */ = {isa = PBXFileReference; includeInIndex = 1; lastKnownFileType = text.xcconfig; name = "Pods-GKitPhotoPick.release.xcconfig"; path = "Pods/Target Support Files/Pods-GKitPhotoPick/Pods-GKitPhotoPick.release.xcconfig"; sourceTree = "<group>"; };
		6817F0E679243193DE7557F7 /* libPods-GKitPhotoPick.a */ = {isa = PBXFileReference; explicitFileType = archive.ar; includeInIndex = 0; path = "libPods-GKitPhotoPick.a"; sourceTree = BUILT_PRODUCTS_DIR; };
		C955C5601E52CAB2003AB844 /* PhotoPickConfig.swift */ = {isa = PBXFileReference; fileEncoding = 4; lastKnownFileType = sourcecode.swift; path = PhotoPickConfig.swift; sourceTree = "<group>"; };
		C958FDF91E4DDE4B00C5684A /* GKitPhotoPick.app */ = {isa = PBXFileReference; explicitFileType = wrapper.application; includeInIndex = 0; path = GKitPhotoPick.app; sourceTree = BUILT_PRODUCTS_DIR; };
		C958FDFC1E4DDE4B00C5684A /* AppDelegate.swift */ = {isa = PBXFileReference; lastKnownFileType = sourcecode.swift; path = AppDelegate.swift; sourceTree = "<group>"; };
		C958FDFE1E4DDE4B00C5684A /* ViewController.swift */ = {isa = PBXFileReference; lastKnownFileType = sourcecode.swift; path = ViewController.swift; sourceTree = "<group>"; };
		C958FE011E4DDE4B00C5684A /* Base */ = {isa = PBXFileReference; lastKnownFileType = file.storyboard; name = Base; path = Base.lproj/Main.storyboard; sourceTree = "<group>"; };
		C958FE031E4DDE4B00C5684A /* Assets.xcassets */ = {isa = PBXFileReference; lastKnownFileType = folder.assetcatalog; path = Assets.xcassets; sourceTree = "<group>"; };
		C958FE061E4DDE4B00C5684A /* Base */ = {isa = PBXFileReference; lastKnownFileType = file.storyboard; name = Base; path = Base.lproj/LaunchScreen.storyboard; sourceTree = "<group>"; };
		C958FE081E4DDE4B00C5684A /* Info.plist */ = {isa = PBXFileReference; lastKnownFileType = text.plist.xml; path = Info.plist; sourceTree = "<group>"; };
		C958FE2B1E4DDEF200C5684A /* PhotoModel.swift */ = {isa = PBXFileReference; fileEncoding = 4; lastKnownFileType = sourcecode.swift; path = PhotoModel.swift; sourceTree = "<group>"; };
		C958FE2C1E4DDEF200C5684A /* AssetTool.swift */ = {isa = PBXFileReference; fileEncoding = 4; lastKnownFileType = sourcecode.swift; path = AssetTool.swift; sourceTree = "<group>"; };
		C958FE2D1E4DDEF200C5684A /* BigPhotoCell.swift */ = {isa = PBXFileReference; fileEncoding = 4; lastKnownFileType = sourcecode.swift; path = BigPhotoCell.swift; sourceTree = "<group>"; };
		C958FE2E1E4DDEF200C5684A /* CameraCell.swift */ = {isa = PBXFileReference; fileEncoding = 4; lastKnownFileType = sourcecode.swift; path = CameraCell.swift; sourceTree = "<group>"; };
		C958FE2F1E4DDEF200C5684A /* CircleButton.swift */ = {isa = PBXFileReference; fileEncoding = 4; lastKnownFileType = sourcecode.swift; path = CircleButton.swift; sourceTree = "<group>"; };
		C958FE301E4DDEF200C5684A /* CircleLabel.swift */ = {isa = PBXFileReference; fileEncoding = 4; lastKnownFileType = sourcecode.swift; path = CircleLabel.swift; sourceTree = "<group>"; };
		C958FE311E4DDEF200C5684A /* PhotoCell.swift */ = {isa = PBXFileReference; fileEncoding = 4; lastKnownFileType = sourcecode.swift; path = PhotoCell.swift; sourceTree = "<group>"; };
		C958FE321E4DDEF200C5684A /* PhotoPickGroupVC.swift */ = {isa = PBXFileReference; fileEncoding = 4; lastKnownFileType = sourcecode.swift; path = PhotoPickGroupVC.swift; sourceTree = "<group>"; };
		C958FE331E4DDEF200C5684A /* PhotoPickVC.swift */ = {isa = PBXFileReference; fileEncoding = 4; lastKnownFileType = sourcecode.swift; path = PhotoPickVC.swift; sourceTree = "<group>"; };
		C958FE341E4DDEF200C5684A /* PhotoShowVC.swift */ = {isa = PBXFileReference; fileEncoding = 4; lastKnownFileType = sourcecode.swift; path = PhotoShowVC.swift; sourceTree = "<group>"; };
		C971D3F21E52DC76006D721E /* PhotoGroup.swift */ = {isa = PBXFileReference; fileEncoding = 4; lastKnownFileType = sourcecode.swift; path = PhotoGroup.swift; sourceTree = "<group>"; };
		C978F1881E519C5E00C1F740 /* AssetImage.swift */ = {isa = PBXFileReference; fileEncoding = 4; lastKnownFileType = sourcecode.swift; path = AssetImage.swift; sourceTree = "<group>"; };
		C9CB610B1E4DE0FD00A9A6EC /* GKitPhotoPick-Bridging-Header.h */ = {isa = PBXFileReference; fileEncoding = 4; lastKnownFileType = sourcecode.c.h; path = "GKitPhotoPick-Bridging-Header.h"; sourceTree = "<group>"; };
		D408F87DCE06D2A566636E09 /* Pods-GKitPhotoPick.debug.xcconfig */ = {isa = PBXFileReference; includeInIndex = 1; lastKnownFileType = text.xcconfig; name = "Pods-GKitPhotoPick.debug.xcconfig"; path = "Pods/Target Support Files/Pods-GKitPhotoPick/Pods-GKitPhotoPick.debug.xcconfig"; sourceTree = "<group>"; };
/* End PBXFileReference section */

/* Begin PBXFrameworksBuildPhase section */
		C958FDF61E4DDE4B00C5684A /* Frameworks */ = {
			isa = PBXFrameworksBuildPhase;
			buildActionMask = 2147483647;
			files = (
				FC3900114A8C5D9B992ED8C5 /* libPods-GKitPhotoPick.a in Frameworks */,
			);
			runOnlyForDeploymentPostprocessing = 0;
		};
/* End PBXFrameworksBuildPhase section */

/* Begin PBXGroup section */
		35851E7AC5BD825535525CE2 /* Pods */ = {
			isa = PBXGroup;
			children = (
				D408F87DCE06D2A566636E09 /* Pods-GKitPhotoPick.debug.xcconfig */,
				19B5F106A7B14A7742C32959 /* Pods-GKitPhotoPick.release.xcconfig */,
			);
			name = Pods;
			sourceTree = "<group>";
		};
		5F8FF6FE7F8C9A17B3A13260 /* Frameworks */ = {
			isa = PBXGroup;
			children = (
				6817F0E679243193DE7557F7 /* libPods-GKitPhotoPick.a */,
			);
			name = Frameworks;
			sourceTree = "<group>";
		};
		C958FDF01E4DDE4B00C5684A = {
			isa = PBXGroup;
			children = (
				C958FE2A1E4DDEF200C5684A /* Source */,
				C958FDFB1E4DDE4B00C5684A /* Demo */,
				C958FDFA1E4DDE4B00C5684A /* Products */,
				35851E7AC5BD825535525CE2 /* Pods */,
				5F8FF6FE7F8C9A17B3A13260 /* Frameworks */,
			);
			sourceTree = "<group>";
		};
		C958FDFA1E4DDE4B00C5684A /* Products */ = {
			isa = PBXGroup;
			children = (
				C958FDF91E4DDE4B00C5684A /* GKitPhotoPick.app */,
			);
			name = Products;
			sourceTree = "<group>";
		};
		C958FDFB1E4DDE4B00C5684A /* Demo */ = {
			isa = PBXGroup;
			children = (
				C9CB610B1E4DE0FD00A9A6EC /* GKitPhotoPick-Bridging-Header.h */,
				C958FDFC1E4DDE4B00C5684A /* AppDelegate.swift */,
				C958FDFE1E4DDE4B00C5684A /* ViewController.swift */,
				C958FE001E4DDE4B00C5684A /* Main.storyboard */,
				C958FE031E4DDE4B00C5684A /* Assets.xcassets */,
				C958FE051E4DDE4B00C5684A /* LaunchScreen.storyboard */,
				C958FE081E4DDE4B00C5684A /* Info.plist */,
			);
			path = Demo;
			sourceTree = "<group>";
		};
		C958FE2A1E4DDEF200C5684A /* Source */ = {
			isa = PBXGroup;
			children = (
				C958FE331E4DDEF200C5684A /* PhotoPickVC.swift */,
				C958FE2C1E4DDEF200C5684A /* AssetTool.swift */,
				C958FE2D1E4DDEF200C5684A /* BigPhotoCell.swift */,
				C958FE2E1E4DDEF200C5684A /* CameraCell.swift */,
				C958FE2F1E4DDEF200C5684A /* CircleButton.swift */,
				C958FE301E4DDEF200C5684A /* CircleLabel.swift */,
				C958FE321E4DDEF200C5684A /* PhotoPickGroupVC.swift */,
				C958FE341E4DDEF200C5684A /* PhotoShowVC.swift */,
				C978F1881E519C5E00C1F740 /* AssetImage.swift */,
				C955C5601E52CAB2003AB844 /* PhotoPickConfig.swift */,
				C958FE311E4DDEF200C5684A /* PhotoCell.swift */,
				C958FE2B1E4DDEF200C5684A /* PhotoModel.swift */,
				C971D3F21E52DC76006D721E /* PhotoGroup.swift */,
			);
			path = Source;
			sourceTree = "<group>";
		};
/* End PBXGroup section */

/* Begin PBXNativeTarget section */
		C958FDF81E4DDE4B00C5684A /* GKitPhotoPick */ = {
			isa = PBXNativeTarget;
			buildConfigurationList = C958FE211E4DDE4B00C5684A /* Build configuration list for PBXNativeTarget "GKitPhotoPick" */;
			buildPhases = (
				D77DB62AEE51EA30A9F079C8 /* [CP] Check Pods Manifest.lock */,
				C958FDF51E4DDE4B00C5684A /* Sources */,
				C958FDF61E4DDE4B00C5684A /* Frameworks */,
				C958FDF71E4DDE4B00C5684A /* Resources */,
				3ECE5831884E2FF11467BAA7 /* [CP] Embed Pods Frameworks */,
				F24C196EFB94D822D8E3B069 /* [CP] Copy Pods Resources */,
			);
			buildRules = (
			);
			dependencies = (
			);
			name = GKitPhotoPick;
			productName = GKitPhotoPick;
			productReference = C958FDF91E4DDE4B00C5684A /* GKitPhotoPick.app */;
			productType = "com.apple.product-type.application";
		};
/* End PBXNativeTarget section */

/* Begin PBXProject section */
		C958FDF11E4DDE4B00C5684A /* Project object */ = {
			isa = PBXProject;
			attributes = {
				LastSwiftUpdateCheck = 0810;
				LastUpgradeCheck = 0810;
				ORGANIZATIONNAME = "Auto Jiang";
				TargetAttributes = {
					C958FDF81E4DDE4B00C5684A = {
						CreatedOnToolsVersion = 8.1;
						DevelopmentTeam = R6P8BM5822;
						ProvisioningStyle = Automatic;
					};
				};
			};
			buildConfigurationList = C958FDF41E4DDE4B00C5684A /* Build configuration list for PBXProject "GKitPhotoPick" */;
			compatibilityVersion = "Xcode 3.2";
			developmentRegion = English;
			hasScannedForEncodings = 0;
			knownRegions = (
				en,
				Base,
			);
			mainGroup = C958FDF01E4DDE4B00C5684A;
			productRefGroup = C958FDFA1E4DDE4B00C5684A /* Products */;
			projectDirPath = "";
			projectRoot = "";
			targets = (
				C958FDF81E4DDE4B00C5684A /* GKitPhotoPick */,
			);
		};
/* End PBXProject section */

/* Begin PBXResourcesBuildPhase section */
		C958FDF71E4DDE4B00C5684A /* Resources */ = {
			isa = PBXResourcesBuildPhase;
			buildActionMask = 2147483647;
			files = (
				C958FE071E4DDE4B00C5684A /* LaunchScreen.storyboard in Resources */,
				C958FE041E4DDE4B00C5684A /* Assets.xcassets in Resources */,
				C958FE021E4DDE4B00C5684A /* Main.storyboard in Resources */,
			);
			runOnlyForDeploymentPostprocessing = 0;
		};
/* End PBXResourcesBuildPhase section */

/* Begin PBXShellScriptBuildPhase section */
		3ECE5831884E2FF11467BAA7 /* [CP] Embed Pods Frameworks */ = {
			isa = PBXShellScriptBuildPhase;
			buildActionMask = 2147483647;
			files = (
			);
			inputPaths = (
			);
			name = "[CP] Embed Pods Frameworks";
			outputPaths = (
			);
			runOnlyForDeploymentPostprocessing = 0;
			shellPath = /bin/sh;
			shellScript = "\"${SRCROOT}/Pods/Target Support Files/Pods-GKitPhotoPick/Pods-GKitPhotoPick-frameworks.sh\"\n";
			showEnvVarsInLog = 0;
		};
		D77DB62AEE51EA30A9F079C8 /* [CP] Check Pods Manifest.lock */ = {
			isa = PBXShellScriptBuildPhase;
			buildActionMask = 2147483647;
			files = (
			);
			inputPaths = (
			);
			name = "[CP] Check Pods Manifest.lock";
			outputPaths = (
			);
			runOnlyForDeploymentPostprocessing = 0;
			shellPath = /bin/sh;
			shellScript = "diff \"${PODS_ROOT}/../Podfile.lock\" \"${PODS_ROOT}/Manifest.lock\" > /dev/null\nif [ $? != 0 ] ; then\n    # print error to STDERR\n    echo \"error: The sandbox is not in sync with the Podfile.lock. Run 'pod install' or update your CocoaPods installation.\" >&2\n    exit 1\nfi\n";
			showEnvVarsInLog = 0;
		};
		F24C196EFB94D822D8E3B069 /* [CP] Copy Pods Resources */ = {
			isa = PBXShellScriptBuildPhase;
			buildActionMask = 2147483647;
			files = (
			);
			inputPaths = (
			);
			name = "[CP] Copy Pods Resources";
			outputPaths = (
			);
			runOnlyForDeploymentPostprocessing = 0;
			shellPath = /bin/sh;
			shellScript = "\"${SRCROOT}/Pods/Target Support Files/Pods-GKitPhotoPick/Pods-GKitPhotoPick-resources.sh\"\n";
			showEnvVarsInLog = 0;
		};
/* End PBXShellScriptBuildPhase section */

/* Begin PBXSourcesBuildPhase section */
		C958FDF51E4DDE4B00C5684A /* Sources */ = {
			isa = PBXSourcesBuildPhase;
			buildActionMask = 2147483647;
			files = (
				C958FE3E1E4DDEF200C5684A /* PhotoShowVC.swift in Sources */,
				C958FE391E4DDEF200C5684A /* CircleButton.swift in Sources */,
				C958FE3B1E4DDEF200C5684A /* PhotoCell.swift in Sources */,
				C971D3F31E52DC76006D721E /* PhotoGroup.swift in Sources */,
				C958FE361E4DDEF200C5684A /* AssetTool.swift in Sources */,
				C958FDFF1E4DDE4B00C5684A /* ViewController.swift in Sources */,
				C955C5611E52CAB2003AB844 /* PhotoPickConfig.swift in Sources */,
				C958FE3C1E4DDEF200C5684A /* PhotoPickGroupVC.swift in Sources */,
				C978F1891E519C5E00C1F740 /* AssetImage.swift in Sources */,
				C958FE381E4DDEF200C5684A /* CameraCell.swift in Sources */,
				C958FE3D1E4DDEF200C5684A /* PhotoPickVC.swift in Sources */,
				C958FE351E4DDEF200C5684A /* PhotoModel.swift in Sources */,
				C958FDFD1E4DDE4B00C5684A /* AppDelegate.swift in Sources */,
				C958FE3A1E4DDEF200C5684A /* CircleLabel.swift in Sources */,
				C958FE371E4DDEF200C5684A /* BigPhotoCell.swift in Sources */,
			);
			runOnlyForDeploymentPostprocessing = 0;
		};
/* End PBXSourcesBuildPhase section */

/* Begin PBXVariantGroup section */
		C958FE001E4DDE4B00C5684A /* Main.storyboard */ = {
			isa = PBXVariantGroup;
			children = (
				C958FE011E4DDE4B00C5684A /* Base */,
			);
			name = Main.storyboard;
			sourceTree = "<group>";
		};
		C958FE051E4DDE4B00C5684A /* LaunchScreen.storyboard */ = {
			isa = PBXVariantGroup;
			children = (
				C958FE061E4DDE4B00C5684A /* Base */,
			);
			name = LaunchScreen.storyboard;
			sourceTree = "<group>";
		};
/* End PBXVariantGroup section */

/* Begin XCBuildConfiguration section */
		C958FE1F1E4DDE4B00C5684A /* Debug */ = {
			isa = XCBuildConfiguration;
			buildSettings = {
				ALWAYS_SEARCH_USER_PATHS = NO;
				CLANG_ANALYZER_NONNULL = YES;
				CLANG_CXX_LANGUAGE_STANDARD = "gnu++0x";
				CLANG_CXX_LIBRARY = "libc++";
				CLANG_ENABLE_MODULES = YES;
				CLANG_ENABLE_OBJC_ARC = YES;
				CLANG_WARN_BOOL_CONVERSION = YES;
				CLANG_WARN_CONSTANT_CONVERSION = YES;
				CLANG_WARN_DIRECT_OBJC_ISA_USAGE = YES_ERROR;
				CLANG_WARN_DOCUMENTATION_COMMENTS = YES;
				CLANG_WARN_EMPTY_BODY = YES;
				CLANG_WARN_ENUM_CONVERSION = YES;
				CLANG_WARN_INFINITE_RECURSION = YES;
				CLANG_WARN_INT_CONVERSION = YES;
				CLANG_WARN_OBJC_ROOT_CLASS = YES_ERROR;
				CLANG_WARN_SUSPICIOUS_MOVE = YES;
				CLANG_WARN_SUSPICIOUS_MOVES = YES;
				CLANG_WARN_UNREACHABLE_CODE = YES;
				CLANG_WARN__DUPLICATE_METHOD_MATCH = YES;
				"CODE_SIGN_IDENTITY[sdk=iphoneos*]" = "iPhone Developer";
				COPY_PHASE_STRIP = NO;
				DEBUG_INFORMATION_FORMAT = dwarf;
				ENABLE_STRICT_OBJC_MSGSEND = YES;
				ENABLE_TESTABILITY = YES;
				GCC_C_LANGUAGE_STANDARD = gnu99;
				GCC_DYNAMIC_NO_PIC = NO;
				GCC_NO_COMMON_BLOCKS = YES;
				GCC_OPTIMIZATION_LEVEL = 0;
				GCC_PREPROCESSOR_DEFINITIONS = (
					"DEBUG=1",
					"$(inherited)",
				);
				GCC_WARN_64_TO_32_BIT_CONVERSION = YES;
				GCC_WARN_ABOUT_RETURN_TYPE = YES_ERROR;
				GCC_WARN_UNDECLARED_SELECTOR = YES;
				GCC_WARN_UNINITIALIZED_AUTOS = YES_AGGRESSIVE;
				GCC_WARN_UNUSED_FUNCTION = YES;
				GCC_WARN_UNUSED_VARIABLE = YES;
				IPHONEOS_DEPLOYMENT_TARGET = 8.0;
				MTL_ENABLE_DEBUG_INFO = YES;
				ONLY_ACTIVE_ARCH = YES;
				SDKROOT = iphoneos;
				SWIFT_ACTIVE_COMPILATION_CONDITIONS = DEBUG;
				SWIFT_OPTIMIZATION_LEVEL = "-Onone";
				TARGETED_DEVICE_FAMILY = "1,2";
			};
			name = Debug;
		};
		C958FE201E4DDE4B00C5684A /* Release */ = {
			isa = XCBuildConfiguration;
			buildSettings = {
				ALWAYS_SEARCH_USER_PATHS = NO;
				CLANG_ANALYZER_NONNULL = YES;
				CLANG_CXX_LANGUAGE_STANDARD = "gnu++0x";
				CLANG_CXX_LIBRARY = "libc++";
				CLANG_ENABLE_MODULES = YES;
				CLANG_ENABLE_OBJC_ARC = YES;
				CLANG_WARN_BOOL_CONVERSION = YES;
				CLANG_WARN_CONSTANT_CONVERSION = YES;
				CLANG_WARN_DIRECT_OBJC_ISA_USAGE = YES_ERROR;
				CLANG_WARN_DOCUMENTATION_COMMENTS = YES;
				CLANG_WARN_EMPTY_BODY = YES;
				CLANG_WARN_ENUM_CONVERSION = YES;
				CLANG_WARN_INFINITE_RECURSION = YES;
				CLANG_WARN_INT_CONVERSION = YES;
				CLANG_WARN_OBJC_ROOT_CLASS = YES_ERROR;
				CLANG_WARN_SUSPICIOUS_MOVE = YES;
				CLANG_WARN_SUSPICIOUS_MOVES = YES;
				CLANG_WARN_UNREACHABLE_CODE = YES;
				CLANG_WARN__DUPLICATE_METHOD_MATCH = YES;
				"CODE_SIGN_IDENTITY[sdk=iphoneos*]" = "iPhone Developer";
				COPY_PHASE_STRIP = NO;
				DEBUG_INFORMATION_FORMAT = "dwarf-with-dsym";
				ENABLE_NS_ASSERTIONS = NO;
				ENABLE_STRICT_OBJC_MSGSEND = YES;
				GCC_C_LANGUAGE_STANDARD = gnu99;
				GCC_NO_COMMON_BLOCKS = YES;
				GCC_WARN_64_TO_32_BIT_CONVERSION = YES;
				GCC_WARN_ABOUT_RETURN_TYPE = YES_ERROR;
				GCC_WARN_UNDECLARED_SELECTOR = YES;
				GCC_WARN_UNINITIALIZED_AUTOS = YES_AGGRESSIVE;
				GCC_WARN_UNUSED_FUNCTION = YES;
				GCC_WARN_UNUSED_VARIABLE = YES;
				IPHONEOS_DEPLOYMENT_TARGET = 8.0;
				MTL_ENABLE_DEBUG_INFO = NO;
				SDKROOT = iphoneos;
				SWIFT_OPTIMIZATION_LEVEL = "-Owholemodule";
				TARGETED_DEVICE_FAMILY = "1,2";
				VALIDATE_PRODUCT = YES;
			};
			name = Release;
		};
		C958FE221E4DDE4B00C5684A /* Debug */ = {
			isa = XCBuildConfiguration;
			baseConfigurationReference = D408F87DCE06D2A566636E09 /* Pods-GKitPhotoPick.debug.xcconfig */;
			buildSettings = {
				ASSETCATALOG_COMPILER_APPICON_NAME = AppIcon;
				DEVELOPMENT_TEAM = R6P8BM5822;
				INFOPLIST_FILE = Demo/Info.plist;
				IPHONEOS_DEPLOYMENT_TARGET = 8.0;
				LD_RUNPATH_SEARCH_PATHS = "$(inherited) @executable_path/Frameworks";
				PRODUCT_BUNDLE_IDENTIFIER = cc.jat.GKitPhotoPick;
				PRODUCT_NAME = "$(TARGET_NAME)";
				SWIFT_OBJC_BRIDGING_HEADER = "$(SWIFT_MODULE_NAME)-Bridging-Header.h";
				SWIFT_VERSION = 3.0;
				TARGETED_DEVICE_FAMILY = "1,2";
			};
			name = Debug;
		};
		C958FE231E4DDE4B00C5684A /* Release */ = {
			isa = XCBuildConfiguration;
			baseConfigurationReference = 19B5F106A7B14A7742C32959 /* Pods-GKitPhotoPick.release.xcconfig */;
			buildSettings = {
				ASSETCATALOG_COMPILER_APPICON_NAME = AppIcon;
				DEVELOPMENT_TEAM = R6P8BM5822;
				INFOPLIST_FILE = Demo/Info.plist;
				IPHONEOS_DEPLOYMENT_TARGET = 8.0;
				LD_RUNPATH_SEARCH_PATHS = "$(inherited) @executable_path/Frameworks";
				PRODUCT_BUNDLE_IDENTIFIER = cc.jat.GKitPhotoPick;
				PRODUCT_NAME = "$(TARGET_NAME)";
				SWIFT_OBJC_BRIDGING_HEADER = "$(SWIFT_MODULE_NAME)-Bridging-Header.h";
				SWIFT_VERSION = 3.0;
				TARGETED_DEVICE_FAMILY = "1,2";
			};
			name = Release;
		};
/* End XCBuildConfiguration section */

/* Begin XCConfigurationList section */
		C958FDF41E4DDE4B00C5684A /* Build configuration list for PBXProject "GKitPhotoPick" */ = {
			isa = XCConfigurationList;
			buildConfigurations = (
				C958FE1F1E4DDE4B00C5684A /* Debug */,
				C958FE201E4DDE4B00C5684A /* Release */,
			);
			defaultConfigurationIsVisible = 0;
			defaultConfigurationName = Release;
		};
		C958FE211E4DDE4B00C5684A /* Build configuration list for PBXNativeTarget "GKitPhotoPick" */ = {
			isa = XCConfigurationList;
			buildConfigurations = (
				C958FE221E4DDE4B00C5684A /* Debug */,
				C958FE231E4DDE4B00C5684A /* Release */,
			);
			defaultConfigurationIsVisible = 0;
			defaultConfigurationName = Release;
		};
/* End XCConfigurationList section */
	};
	rootObject = C958FDF11E4DDE4B00C5684A /* Project object */;
}
